// !$*UTF8*$!
{
	archiveVersion = 1;
	classes = {
	};
	objectVersion = 55;
	objects = {

/* Begin PBXBuildFile section */
		109A1B9C65D202BED33D3656 /* Pods_MapPlotter_MapPlotterUITests.framework in Frameworks */ = {isa = PBXBuildFile; fileRef = A906EFE60C0DB5A49ADE674D /* Pods_MapPlotter_MapPlotterUITests.framework */; };
		8F8EC218EFF95907349F4E1A /* Pods_MapPlotter.framework in Frameworks */ = {isa = PBXBuildFile; fileRef = 6A6592B85B0EDC3BF51FA86E /* Pods_MapPlotter.framework */; };
		94DE469629B7BC9A0024012F /* AppDelegate.swift in Sources */ = {isa = PBXBuildFile; fileRef = 94DE469529B7BC9A0024012F /* AppDelegate.swift */; };
		94DE469829B7BC9A0024012F /* SceneDelegate.swift in Sources */ = {isa = PBXBuildFile; fileRef = 94DE469729B7BC9A0024012F /* SceneDelegate.swift */; };
		94DE469A29B7BC9A0024012F /* MapViewController.swift in Sources */ = {isa = PBXBuildFile; fileRef = 94DE469929B7BC9A0024012F /* MapViewController.swift */; };
		94DE469F29B7BC9B0024012F /* Assets.xcassets in Resources */ = {isa = PBXBuildFile; fileRef = 94DE469E29B7BC9B0024012F /* Assets.xcassets */; };
		94DE46A229B7BC9B0024012F /* LaunchScreen.storyboard in Resources */ = {isa = PBXBuildFile; fileRef = 94DE46A029B7BC9B0024012F /* LaunchScreen.storyboard */; };
		94DE46AD29B7BC9B0024012F /* MapPlotterTests.swift in Sources */ = {isa = PBXBuildFile; fileRef = 94DE46AC29B7BC9B0024012F /* MapPlotterTests.swift */; };
		94DE46B729B7BC9B0024012F /* MapPlotterUITests.swift in Sources */ = {isa = PBXBuildFile; fileRef = 94DE46B629B7BC9B0024012F /* MapPlotterUITests.swift */; };
		94DE46B929B7BC9B0024012F /* MapPlotterUITestsLaunchTests.swift in Sources */ = {isa = PBXBuildFile; fileRef = 94DE46B829B7BC9B0024012F /* MapPlotterUITestsLaunchTests.swift */; };
		94DE46C929B8072F0024012F /* DataRepository.swift in Sources */ = {isa = PBXBuildFile; fileRef = 94DE46C829B8072F0024012F /* DataRepository.swift */; };
		94DE46CB29B807370024012F /* MapViewModel.swift in Sources */ = {isa = PBXBuildFile; fileRef = 94DE46CA29B807370024012F /* MapViewModel.swift */; };
		94DE46D429B930CD0024012F /* Constants.swift in Sources */ = {isa = PBXBuildFile; fileRef = 94DE46D329B930CD0024012F /* Constants.swift */; };
		94DE46DA29B953040024012F /* GoogleService-Info.plist in Resources */ = {isa = PBXBuildFile; fileRef = 94DE46D929B953040024012F /* GoogleService-Info.plist */; };
		B9F6677B825A9A0B95871ACE /* Pods_MapPlotterTests.framework in Frameworks */ = {isa = PBXBuildFile; fileRef = 8D6564B6A9894A1ED8C50115 /* Pods_MapPlotterTests.framework */; };
/* End PBXBuildFile section */

/* Begin PBXContainerItemProxy section */
		94DE46A929B7BC9B0024012F /* PBXContainerItemProxy */ = {
			isa = PBXContainerItemProxy;
			containerPortal = 94DE468A29B7BC9A0024012F /* Project object */;
			proxyType = 1;
			remoteGlobalIDString = 94DE469129B7BC9A0024012F;
			remoteInfo = MapPlotter;
		};
		94DE46B329B7BC9B0024012F /* PBXContainerItemProxy */ = {
			isa = PBXContainerItemProxy;
			containerPortal = 94DE468A29B7BC9A0024012F /* Project object */;
			proxyType = 1;
			remoteGlobalIDString = 94DE469129B7BC9A0024012F;
			remoteInfo = MapPlotter;
		};
/* End PBXContainerItemProxy section */

/* Begin PBXFileReference section */
		59F729E2FF3DC5A25B0956EE /* Pods-MapPlotterTests.debug.xcconfig */ = {isa = PBXFileReference; includeInIndex = 1; lastKnownFileType = text.xcconfig; name = "Pods-MapPlotterTests.debug.xcconfig"; path = "Target Support Files/Pods-MapPlotterTests/Pods-MapPlotterTests.debug.xcconfig"; sourceTree = "<group>"; };
		6A6592B85B0EDC3BF51FA86E /* Pods_MapPlotter.framework */ = {isa = PBXFileReference; explicitFileType = wrapper.framework; includeInIndex = 0; path = Pods_MapPlotter.framework; sourceTree = BUILT_PRODUCTS_DIR; };
		71BA5702AAC8957CDE921D04 /* Pods-MapPlotter-MapPlotterUITests.release.xcconfig */ = {isa = PBXFileReference; includeInIndex = 1; lastKnownFileType = text.xcconfig; name = "Pods-MapPlotter-MapPlotterUITests.release.xcconfig"; path = "Target Support Files/Pods-MapPlotter-MapPlotterUITests/Pods-MapPlotter-MapPlotterUITests.release.xcconfig"; sourceTree = "<group>"; };
		7C0C6C4CC175D874F4BC71D8 /* Pods-MapPlotter.release.xcconfig */ = {isa = PBXFileReference; includeInIndex = 1; lastKnownFileType = text.xcconfig; name = "Pods-MapPlotter.release.xcconfig"; path = "Target Support Files/Pods-MapPlotter/Pods-MapPlotter.release.xcconfig"; sourceTree = "<group>"; };
		89A21135A607915119408787 /* Pods-MapPlotter.debug.xcconfig */ = {isa = PBXFileReference; includeInIndex = 1; lastKnownFileType = text.xcconfig; name = "Pods-MapPlotter.debug.xcconfig"; path = "Target Support Files/Pods-MapPlotter/Pods-MapPlotter.debug.xcconfig"; sourceTree = "<group>"; };
		8D6564B6A9894A1ED8C50115 /* Pods_MapPlotterTests.framework */ = {isa = PBXFileReference; explicitFileType = wrapper.framework; includeInIndex = 0; path = Pods_MapPlotterTests.framework; sourceTree = BUILT_PRODUCTS_DIR; };
		94DE469229B7BC9A0024012F /* MapPlotter.app */ = {isa = PBXFileReference; explicitFileType = wrapper.application; includeInIndex = 0; path = MapPlotter.app; sourceTree = BUILT_PRODUCTS_DIR; };
		94DE469529B7BC9A0024012F /* AppDelegate.swift */ = {isa = PBXFileReference; lastKnownFileType = sourcecode.swift; path = AppDelegate.swift; sourceTree = "<group>"; };
		94DE469729B7BC9A0024012F /* SceneDelegate.swift */ = {isa = PBXFileReference; lastKnownFileType = sourcecode.swift; path = SceneDelegate.swift; sourceTree = "<group>"; };
		94DE469929B7BC9A0024012F /* MapViewController.swift */ = {isa = PBXFileReference; lastKnownFileType = sourcecode.swift; path = MapViewController.swift; sourceTree = "<group>"; };
		94DE469E29B7BC9B0024012F /* Assets.xcassets */ = {isa = PBXFileReference; lastKnownFileType = folder.assetcatalog; path = Assets.xcassets; sourceTree = "<group>"; };
		94DE46A129B7BC9B0024012F /* Base */ = {isa = PBXFileReference; lastKnownFileType = file.storyboard; name = Base; path = Base.lproj/LaunchScreen.storyboard; sourceTree = "<group>"; };
		94DE46A329B7BC9B0024012F /* Info.plist */ = {isa = PBXFileReference; lastKnownFileType = text.plist.xml; path = Info.plist; sourceTree = "<group>"; };
		94DE46A829B7BC9B0024012F /* MapPlotterTests.xctest */ = {isa = PBXFileReference; explicitFileType = wrapper.cfbundle; includeInIndex = 0; path = MapPlotterTests.xctest; sourceTree = BUILT_PRODUCTS_DIR; };
		94DE46AC29B7BC9B0024012F /* MapPlotterTests.swift */ = {isa = PBXFileReference; lastKnownFileType = sourcecode.swift; path = MapPlotterTests.swift; sourceTree = "<group>"; };
		94DE46B229B7BC9B0024012F /* MapPlotterUITests.xctest */ = {isa = PBXFileReference; explicitFileType = wrapper.cfbundle; includeInIndex = 0; path = MapPlotterUITests.xctest; sourceTree = BUILT_PRODUCTS_DIR; };
		94DE46B629B7BC9B0024012F /* MapPlotterUITests.swift */ = {isa = PBXFileReference; lastKnownFileType = sourcecode.swift; path = MapPlotterUITests.swift; sourceTree = "<group>"; };
		94DE46B829B7BC9B0024012F /* MapPlotterUITestsLaunchTests.swift */ = {isa = PBXFileReference; lastKnownFileType = sourcecode.swift; path = MapPlotterUITestsLaunchTests.swift; sourceTree = "<group>"; };
		94DE46C829B8072F0024012F /* DataRepository.swift */ = {isa = PBXFileReference; lastKnownFileType = sourcecode.swift; path = DataRepository.swift; sourceTree = "<group>"; };
		94DE46CA29B807370024012F /* MapViewModel.swift */ = {isa = PBXFileReference; lastKnownFileType = sourcecode.swift; path = MapViewModel.swift; sourceTree = "<group>"; };
		94DE46D329B930CD0024012F /* Constants.swift */ = {isa = PBXFileReference; lastKnownFileType = sourcecode.swift; path = Constants.swift; sourceTree = "<group>"; };
		94DE46D929B953040024012F /* GoogleService-Info.plist */ = {isa = PBXFileReference; fileEncoding = 4; lastKnownFileType = text.plist.xml; path = "GoogleService-Info.plist"; sourceTree = "<group>"; };
		A906EFE60C0DB5A49ADE674D /* Pods_MapPlotter_MapPlotterUITests.framework */ = {isa = PBXFileReference; explicitFileType = wrapper.framework; includeInIndex = 0; path = Pods_MapPlotter_MapPlotterUITests.framework; sourceTree = BUILT_PRODUCTS_DIR; };
		B79B4C77050735CA52068295 /* Pods-MapPlotter-MapPlotterUITests.debug.xcconfig */ = {isa = PBXFileReference; includeInIndex = 1; lastKnownFileType = text.xcconfig; name = "Pods-MapPlotter-MapPlotterUITests.debug.xcconfig"; path = "Target Support Files/Pods-MapPlotter-MapPlotterUITests/Pods-MapPlotter-MapPlotterUITests.debug.xcconfig"; sourceTree = "<group>"; };
		EABA2918890E0416EF1A52E2 /* Pods-MapPlotterTests.release.xcconfig */ = {isa = PBXFileReference; includeInIndex = 1; lastKnownFileType = text.xcconfig; name = "Pods-MapPlotterTests.release.xcconfig"; path = "Target Support Files/Pods-MapPlotterTests/Pods-MapPlotterTests.release.xcconfig"; sourceTree = "<group>"; };
/* End PBXFileReference section */

/* Begin PBXFrameworksBuildPhase section */
		94DE468F29B7BC9A0024012F /* Frameworks */ = {
			isa = PBXFrameworksBuildPhase;
			buildActionMask = 2147483647;
			files = (
				8F8EC218EFF95907349F4E1A /* Pods_MapPlotter.framework in Frameworks */,
			);
			runOnlyForDeploymentPostprocessing = 0;
		};
		94DE46A529B7BC9B0024012F /* Frameworks */ = {
			isa = PBXFrameworksBuildPhase;
			buildActionMask = 2147483647;
			files = (
				B9F6677B825A9A0B95871ACE /* Pods_MapPlotterTests.framework in Frameworks */,
			);
			runOnlyForDeploymentPostprocessing = 0;
		};
		94DE46AF29B7BC9B0024012F /* Frameworks */ = {
			isa = PBXFrameworksBuildPhase;
			buildActionMask = 2147483647;
			files = (
				109A1B9C65D202BED33D3656 /* Pods_MapPlotter_MapPlotterUITests.framework in Frameworks */,
			);
			runOnlyForDeploymentPostprocessing = 0;
		};
/* End PBXFrameworksBuildPhase section */

/* Begin PBXGroup section */
		0927BB5D4AC702A739C0E0A3 /* Pods */ = {
			isa = PBXGroup;
			children = (
				89A21135A607915119408787 /* Pods-MapPlotter.debug.xcconfig */,
				7C0C6C4CC175D874F4BC71D8 /* Pods-MapPlotter.release.xcconfig */,
				B79B4C77050735CA52068295 /* Pods-MapPlotter-MapPlotterUITests.debug.xcconfig */,
				71BA5702AAC8957CDE921D04 /* Pods-MapPlotter-MapPlotterUITests.release.xcconfig */,
				59F729E2FF3DC5A25B0956EE /* Pods-MapPlotterTests.debug.xcconfig */,
				EABA2918890E0416EF1A52E2 /* Pods-MapPlotterTests.release.xcconfig */,
			);
			path = Pods;
			sourceTree = "<group>";
		};
		4A1F244EAE0EE7CA31A90ADA /* Frameworks */ = {
			isa = PBXGroup;
			children = (
				6A6592B85B0EDC3BF51FA86E /* Pods_MapPlotter.framework */,
				A906EFE60C0DB5A49ADE674D /* Pods_MapPlotter_MapPlotterUITests.framework */,
				8D6564B6A9894A1ED8C50115 /* Pods_MapPlotterTests.framework */,
			);
			name = Frameworks;
			sourceTree = "<group>";
		};
		94DE468929B7BC9A0024012F = {
			isa = PBXGroup;
			children = (
				94DE46CE29B92FCF0024012F /* Utility */,
				94DE46C729B8071A0024012F /* ViewModel */,
				94DE46C629B8070D0024012F /* Model */,
				94DE46C529B807030024012F /* View */,
				94DE469429B7BC9A0024012F /* MapPlotter */,
				94DE46AB29B7BC9B0024012F /* MapPlotterTests */,
				94DE46B529B7BC9B0024012F /* MapPlotterUITests */,
				94DE469329B7BC9A0024012F /* Products */,
				0927BB5D4AC702A739C0E0A3 /* Pods */,
				4A1F244EAE0EE7CA31A90ADA /* Frameworks */,
			);
			sourceTree = "<group>";
		};
		94DE469329B7BC9A0024012F /* Products */ = {
			isa = PBXGroup;
			children = (
				94DE469229B7BC9A0024012F /* MapPlotter.app */,
				94DE46A829B7BC9B0024012F /* MapPlotterTests.xctest */,
				94DE46B229B7BC9B0024012F /* MapPlotterUITests.xctest */,
			);
			name = Products;
			sourceTree = "<group>";
		};
		94DE469429B7BC9A0024012F /* MapPlotter */ = {
			isa = PBXGroup;
			children = (
				94DE469529B7BC9A0024012F /* AppDelegate.swift */,
				94DE469729B7BC9A0024012F /* SceneDelegate.swift */,
				94DE469E29B7BC9B0024012F /* Assets.xcassets */,
				94DE46A029B7BC9B0024012F /* LaunchScreen.storyboard */,
				94DE46D929B953040024012F /* GoogleService-Info.plist */,
				94DE46A329B7BC9B0024012F /* Info.plist */,
			);
			path = MapPlotter;
			sourceTree = "<group>";
		};
		94DE46AB29B7BC9B0024012F /* MapPlotterTests */ = {
			isa = PBXGroup;
			children = (
				94DE46AC29B7BC9B0024012F /* MapPlotterTests.swift */,
			);
			path = MapPlotterTests;
			sourceTree = "<group>";
		};
		94DE46B529B7BC9B0024012F /* MapPlotterUITests */ = {
			isa = PBXGroup;
			children = (
				94DE46B629B7BC9B0024012F /* MapPlotterUITests.swift */,
				94DE46B829B7BC9B0024012F /* MapPlotterUITestsLaunchTests.swift */,
			);
			path = MapPlotterUITests;
			sourceTree = "<group>";
		};
		94DE46C529B807030024012F /* View */ = {
			isa = PBXGroup;
			children = (
				94DE469929B7BC9A0024012F /* MapViewController.swift */,
			);
			path = View;
			sourceTree = "<group>";
		};
		94DE46C629B8070D0024012F /* Model */ = {
			isa = PBXGroup;
			children = (
				94DE46C829B8072F0024012F /* DataRepository.swift */,
			);
			path = Model;
			sourceTree = "<group>";
		};
		94DE46C729B8071A0024012F /* ViewModel */ = {
			isa = PBXGroup;
			children = (
				94DE46CA29B807370024012F /* MapViewModel.swift */,
			);
			path = ViewModel;
			sourceTree = "<group>";
		};
		94DE46CE29B92FCF0024012F /* Utility */ = {
			isa = PBXGroup;
			children = (
				94DE46D329B930CD0024012F /* Constants.swift */,
			);
			path = Utility;
			sourceTree = "<group>";
		};
/* End PBXGroup section */

/* Begin PBXNativeTarget section */
		94DE469129B7BC9A0024012F /* MapPlotter */ = {
			isa = PBXNativeTarget;
			buildConfigurationList = 94DE46BC29B7BC9B0024012F /* Build configuration list for PBXNativeTarget "MapPlotter" */;
			buildPhases = (
				51C4EFA2C48CF10D315AF151 /* [CP] Check Pods Manifest.lock */,
				94DE468E29B7BC9A0024012F /* Sources */,
				94DE468F29B7BC9A0024012F /* Frameworks */,
				94DE469029B7BC9A0024012F /* Resources */,
				16D8B7ED8273A5D14F76E673 /* [CP] Copy Pods Resources */,
				69A4B255319B23A22A6CB067 /* [CP] Embed Pods Frameworks */,
			);
			buildRules = (
			);
			dependencies = (
			);
			name = MapPlotter;
			productName = MapPlotter;
			productReference = 94DE469229B7BC9A0024012F /* MapPlotter.app */;
			productType = "com.apple.product-type.application";
		};
		94DE46A729B7BC9B0024012F /* MapPlotterTests */ = {
			isa = PBXNativeTarget;
			buildConfigurationList = 94DE46BF29B7BC9B0024012F /* Build configuration list for PBXNativeTarget "MapPlotterTests" */;
			buildPhases = (
				F9A59F056E22EFD6C556BAF7 /* [CP] Check Pods Manifest.lock */,
				94DE46A429B7BC9B0024012F /* Sources */,
				94DE46A529B7BC9B0024012F /* Frameworks */,
				94DE46A629B7BC9B0024012F /* Resources */,
			);
			buildRules = (
			);
			dependencies = (
				94DE46AA29B7BC9B0024012F /* PBXTargetDependency */,
			);
			name = MapPlotterTests;
			productName = MapPlotterTests;
			productReference = 94DE46A829B7BC9B0024012F /* MapPlotterTests.xctest */;
			productType = "com.apple.product-type.bundle.unit-test";
		};
		94DE46B129B7BC9B0024012F /* MapPlotterUITests */ = {
			isa = PBXNativeTarget;
			buildConfigurationList = 94DE46C229B7BC9B0024012F /* Build configuration list for PBXNativeTarget "MapPlotterUITests" */;
			buildPhases = (
				CB806EC92A6E91585235B29F /* [CP] Check Pods Manifest.lock */,
				94DE46AE29B7BC9B0024012F /* Sources */,
				94DE46AF29B7BC9B0024012F /* Frameworks */,
				94DE46B029B7BC9B0024012F /* Resources */,
				73A4ACDF444F482E83DAE3E9 /* [CP] Copy Pods Resources */,
				25CE319469861148F79BA8C3 /* [CP] Embed Pods Frameworks */,
			);
			buildRules = (
			);
			dependencies = (
				94DE46B429B7BC9B0024012F /* PBXTargetDependency */,
			);
			name = MapPlotterUITests;
			productName = MapPlotterUITests;
			productReference = 94DE46B229B7BC9B0024012F /* MapPlotterUITests.xctest */;
			productType = "com.apple.product-type.bundle.ui-testing";
		};
/* End PBXNativeTarget section */

/* Begin PBXProject section */
		94DE468A29B7BC9A0024012F /* Project object */ = {
			isa = PBXProject;
			attributes = {
				BuildIndependentTargetsInParallel = 1;
				LastSwiftUpdateCheck = 1300;
				LastUpgradeCheck = 1300;
				TargetAttributes = {
					94DE469129B7BC9A0024012F = {
						CreatedOnToolsVersion = 13.0;
					};
					94DE46A729B7BC9B0024012F = {
						CreatedOnToolsVersion = 13.0;
						TestTargetID = 94DE469129B7BC9A0024012F;
					};
					94DE46B129B7BC9B0024012F = {
						CreatedOnToolsVersion = 13.0;
						TestTargetID = 94DE469129B7BC9A0024012F;
					};
				};
			};
			buildConfigurationList = 94DE468D29B7BC9A0024012F /* Build configuration list for PBXProject "MapPlotter" */;
			compatibilityVersion = "Xcode 13.0";
			developmentRegion = en;
			hasScannedForEncodings = 0;
			knownRegions = (
				en,
				Base,
			);
			mainGroup = 94DE468929B7BC9A0024012F;
			productRefGroup = 94DE469329B7BC9A0024012F /* Products */;
			projectDirPath = "";
			projectRoot = "";
			targets = (
				94DE469129B7BC9A0024012F /* MapPlotter */,
				94DE46A729B7BC9B0024012F /* MapPlotterTests */,
				94DE46B129B7BC9B0024012F /* MapPlotterUITests */,
			);
		};
/* End PBXProject section */

/* Begin PBXResourcesBuildPhase section */
		94DE469029B7BC9A0024012F /* Resources */ = {
			isa = PBXResourcesBuildPhase;
			buildActionMask = 2147483647;
			files = (
				94DE46A229B7BC9B0024012F /* LaunchScreen.storyboard in Resources */,
				94DE469F29B7BC9B0024012F /* Assets.xcassets in Resources */,
				94DE46DA29B953040024012F /* GoogleService-Info.plist in Resources */,
			);
			runOnlyForDeploymentPostprocessing = 0;
		};
		94DE46A629B7BC9B0024012F /* Resources */ = {
			isa = PBXResourcesBuildPhase;
			buildActionMask = 2147483647;
			files = (
			);
			runOnlyForDeploymentPostprocessing = 0;
		};
		94DE46B029B7BC9B0024012F /* Resources */ = {
			isa = PBXResourcesBuildPhase;
			buildActionMask = 2147483647;
			files = (
			);
			runOnlyForDeploymentPostprocessing = 0;
		};
/* End PBXResourcesBuildPhase section */

/* Begin PBXShellScriptBuildPhase section */
		16D8B7ED8273A5D14F76E673 /* [CP] Copy Pods Resources */ = {
			isa = PBXShellScriptBuildPhase;
			buildActionMask = 2147483647;
			files = (
			);
			inputFileListPaths = (
				"${PODS_ROOT}/Target Support Files/Pods-MapPlotter/Pods-MapPlotter-resources-${CONFIGURATION}-input-files.xcfilelist",
			);
			name = "[CP] Copy Pods Resources";
			outputFileListPaths = (
				"${PODS_ROOT}/Target Support Files/Pods-MapPlotter/Pods-MapPlotter-resources-${CONFIGURATION}-output-files.xcfilelist",
			);
			runOnlyForDeploymentPostprocessing = 0;
			shellPath = /bin/sh;
			shellScript = "\"${PODS_ROOT}/Target Support Files/Pods-MapPlotter/Pods-MapPlotter-resources.sh\"\n";
			showEnvVarsInLog = 0;
		};
		25CE319469861148F79BA8C3 /* [CP] Embed Pods Frameworks */ = {
			isa = PBXShellScriptBuildPhase;
			buildActionMask = 2147483647;
			files = (
			);
			inputFileListPaths = (
				"${PODS_ROOT}/Target Support Files/Pods-MapPlotter-MapPlotterUITests/Pods-MapPlotter-MapPlotterUITests-frameworks-${CONFIGURATION}-input-files.xcfilelist",
			);
			name = "[CP] Embed Pods Frameworks";
			outputFileListPaths = (
				"${PODS_ROOT}/Target Support Files/Pods-MapPlotter-MapPlotterUITests/Pods-MapPlotter-MapPlotterUITests-frameworks-${CONFIGURATION}-output-files.xcfilelist",
			);
			runOnlyForDeploymentPostprocessing = 0;
			shellPath = /bin/sh;
			shellScript = "\"${PODS_ROOT}/Target Support Files/Pods-MapPlotter-MapPlotterUITests/Pods-MapPlotter-MapPlotterUITests-frameworks.sh\"\n";
			showEnvVarsInLog = 0;
		};
		51C4EFA2C48CF10D315AF151 /* [CP] Check Pods Manifest.lock */ = {
			isa = PBXShellScriptBuildPhase;
			buildActionMask = 2147483647;
			files = (
			);
			inputFileListPaths = (
			);
			inputPaths = (
				"${PODS_PODFILE_DIR_PATH}/Podfile.lock",
				"${PODS_ROOT}/Manifest.lock",
			);
			name = "[CP] Check Pods Manifest.lock";
			outputFileListPaths = (
			);
			outputPaths = (
				"$(DERIVED_FILE_DIR)/Pods-MapPlotter-checkManifestLockResult.txt",
			);
			runOnlyForDeploymentPostprocessing = 0;
			shellPath = /bin/sh;
			shellScript = "diff \"${PODS_PODFILE_DIR_PATH}/Podfile.lock\" \"${PODS_ROOT}/Manifest.lock\" > /dev/null\nif [ $? != 0 ] ; then\n    # print error to STDERR\n    echo \"error: The sandbox is not in sync with the Podfile.lock. Run 'pod install' or update your CocoaPods installation.\" >&2\n    exit 1\nfi\n# This output is used by Xcode 'outputs' to avoid re-running this script phase.\necho \"SUCCESS\" > \"${SCRIPT_OUTPUT_FILE_0}\"\n";
			showEnvVarsInLog = 0;
		};
		69A4B255319B23A22A6CB067 /* [CP] Embed Pods Frameworks */ = {
			isa = PBXShellScriptBuildPhase;
			buildActionMask = 2147483647;
			files = (
			);
			inputFileListPaths = (
				"${PODS_ROOT}/Target Support Files/Pods-MapPlotter/Pods-MapPlotter-frameworks-${CONFIGURATION}-input-files.xcfilelist",
			);
			name = "[CP] Embed Pods Frameworks";
			outputFileListPaths = (
				"${PODS_ROOT}/Target Support Files/Pods-MapPlotter/Pods-MapPlotter-frameworks-${CONFIGURATION}-output-files.xcfilelist",
			);
			runOnlyForDeploymentPostprocessing = 0;
			shellPath = /bin/sh;
			shellScript = "\"${PODS_ROOT}/Target Support Files/Pods-MapPlotter/Pods-MapPlotter-frameworks.sh\"\n";
			showEnvVarsInLog = 0;
		};
		73A4ACDF444F482E83DAE3E9 /* [CP] Copy Pods Resources */ = {
			isa = PBXShellScriptBuildPhase;
			buildActionMask = 2147483647;
			files = (
			);
			inputFileListPaths = (
				"${PODS_ROOT}/Target Support Files/Pods-MapPlotter-MapPlotterUITests/Pods-MapPlotter-MapPlotterUITests-resources-${CONFIGURATION}-input-files.xcfilelist",
			);
			name = "[CP] Copy Pods Resources";
			outputFileListPaths = (
				"${PODS_ROOT}/Target Support Files/Pods-MapPlotter-MapPlotterUITests/Pods-MapPlotter-MapPlotterUITests-resources-${CONFIGURATION}-output-files.xcfilelist",
			);
			runOnlyForDeploymentPostprocessing = 0;
			shellPath = /bin/sh;
			shellScript = "\"${PODS_ROOT}/Target Support Files/Pods-MapPlotter-MapPlotterUITests/Pods-MapPlotter-MapPlotterUITests-resources.sh\"\n";
			showEnvVarsInLog = 0;
		};
		CB806EC92A6E91585235B29F /* [CP] Check Pods Manifest.lock */ = {
			isa = PBXShellScriptBuildPhase;
			buildActionMask = 2147483647;
			files = (
			);
			inputFileListPaths = (
			);
			inputPaths = (
				"${PODS_PODFILE_DIR_PATH}/Podfile.lock",
				"${PODS_ROOT}/Manifest.lock",
			);
			name = "[CP] Check Pods Manifest.lock";
			outputFileListPaths = (
			);
			outputPaths = (
				"$(DERIVED_FILE_DIR)/Pods-MapPlotter-MapPlotterUITests-checkManifestLockResult.txt",
			);
			runOnlyForDeploymentPostprocessing = 0;
			shellPath = /bin/sh;
			shellScript = "diff \"${PODS_PODFILE_DIR_PATH}/Podfile.lock\" \"${PODS_ROOT}/Manifest.lock\" > /dev/null\nif [ $? != 0 ] ; then\n    # print error to STDERR\n    echo \"error: The sandbox is not in sync with the Podfile.lock. Run 'pod install' or update your CocoaPods installation.\" >&2\n    exit 1\nfi\n# This output is used by Xcode 'outputs' to avoid re-running this script phase.\necho \"SUCCESS\" > \"${SCRIPT_OUTPUT_FILE_0}\"\n";
			showEnvVarsInLog = 0;
		};
		F9A59F056E22EFD6C556BAF7 /* [CP] Check Pods Manifest.lock */ = {
			isa = PBXShellScriptBuildPhase;
			buildActionMask = 2147483647;
			files = (
			);
			inputFileListPaths = (
			);
			inputPaths = (
				"${PODS_PODFILE_DIR_PATH}/Podfile.lock",
				"${PODS_ROOT}/Manifest.lock",
			);
			name = "[CP] Check Pods Manifest.lock";
			outputFileListPaths = (
			);
			outputPaths = (
				"$(DERIVED_FILE_DIR)/Pods-MapPlotterTests-checkManifestLockResult.txt",
			);
			runOnlyForDeploymentPostprocessing = 0;
			shellPath = /bin/sh;
			shellScript = "diff \"${PODS_PODFILE_DIR_PATH}/Podfile.lock\" \"${PODS_ROOT}/Manifest.lock\" > /dev/null\nif [ $? != 0 ] ; then\n    # print error to STDERR\n    echo \"error: The sandbox is not in sync with the Podfile.lock. Run 'pod install' or update your CocoaPods installation.\" >&2\n    exit 1\nfi\n# This output is used by Xcode 'outputs' to avoid re-running this script phase.\necho \"SUCCESS\" > \"${SCRIPT_OUTPUT_FILE_0}\"\n";
			showEnvVarsInLog = 0;
		};
/* End PBXShellScriptBuildPhase section */

/* Begin PBXSourcesBuildPhase section */
		94DE468E29B7BC9A0024012F /* Sources */ = {
			isa = PBXSourcesBuildPhase;
			buildActionMask = 2147483647;
			files = (
				94DE469A29B7BC9A0024012F /* MapViewController.swift in Sources */,
				94DE46CB29B807370024012F /* MapViewModel.swift in Sources */,
				94DE46C929B8072F0024012F /* DataRepository.swift in Sources */,
				94DE469629B7BC9A0024012F /* AppDelegate.swift in Sources */,
				94DE469829B7BC9A0024012F /* SceneDelegate.swift in Sources */,
				94DE46D429B930CD0024012F /* Constants.swift in Sources */,
			);
			runOnlyForDeploymentPostprocessing = 0;
		};
		94DE46A429B7BC9B0024012F /* Sources */ = {
			isa = PBXSourcesBuildPhase;
			buildActionMask = 2147483647;
			files = (
				94DE46AD29B7BC9B0024012F /* MapPlotterTests.swift in Sources */,
			);
			runOnlyForDeploymentPostprocessing = 0;
		};
		94DE46AE29B7BC9B0024012F /* Sources */ = {
			isa = PBXSourcesBuildPhase;
			buildActionMask = 2147483647;
			files = (
				94DE46B929B7BC9B0024012F /* MapPlotterUITestsLaunchTests.swift in Sources */,
				94DE46B729B7BC9B0024012F /* MapPlotterUITests.swift in Sources */,
			);
			runOnlyForDeploymentPostprocessing = 0;
		};
/* End PBXSourcesBuildPhase section */

/* Begin PBXTargetDependency section */
		94DE46AA29B7BC9B0024012F /* PBXTargetDependency */ = {
			isa = PBXTargetDependency;
			target = 94DE469129B7BC9A0024012F /* MapPlotter */;
			targetProxy = 94DE46A929B7BC9B0024012F /* PBXContainerItemProxy */;
		};
		94DE46B429B7BC9B0024012F /* PBXTargetDependency */ = {
			isa = PBXTargetDependency;
			target = 94DE469129B7BC9A0024012F /* MapPlotter */;
			targetProxy = 94DE46B329B7BC9B0024012F /* PBXContainerItemProxy */;
		};
/* End PBXTargetDependency section */

/* Begin PBXVariantGroup section */
		94DE46A029B7BC9B0024012F /* LaunchScreen.storyboard */ = {
			isa = PBXVariantGroup;
			children = (
				94DE46A129B7BC9B0024012F /* Base */,
			);
			name = LaunchScreen.storyboard;
			sourceTree = "<group>";
		};
/* End PBXVariantGroup section */

/* Begin XCBuildConfiguration section */
		94DE46BA29B7BC9B0024012F /* Debug */ = {
			isa = XCBuildConfiguration;
			buildSettings = {
				ALWAYS_SEARCH_USER_PATHS = NO;
				CLANG_ANALYZER_NONNULL = YES;
				CLANG_ANALYZER_NUMBER_OBJECT_CONVERSION = YES_AGGRESSIVE;
				CLANG_CXX_LANGUAGE_STANDARD = "gnu++17";
				CLANG_CXX_LIBRARY = "libc++";
				CLANG_ENABLE_MODULES = YES;
				CLANG_ENABLE_OBJC_ARC = YES;
				CLANG_ENABLE_OBJC_WEAK = YES;
				CLANG_WARN_BLOCK_CAPTURE_AUTORELEASING = YES;
				CLANG_WARN_BOOL_CONVERSION = YES;
				CLANG_WARN_COMMA = YES;
				CLANG_WARN_CONSTANT_CONVERSION = YES;
				CLANG_WARN_DEPRECATED_OBJC_IMPLEMENTATIONS = YES;
				CLANG_WARN_DIRECT_OBJC_ISA_USAGE = YES_ERROR;
				CLANG_WARN_DOCUMENTATION_COMMENTS = YES;
				CLANG_WARN_EMPTY_BODY = YES;
				CLANG_WARN_ENUM_CONVERSION = YES;
				CLANG_WARN_INFINITE_RECURSION = YES;
				CLANG_WARN_INT_CONVERSION = YES;
				CLANG_WARN_NON_LITERAL_NULL_CONVERSION = YES;
				CLANG_WARN_OBJC_IMPLICIT_RETAIN_SELF = YES;
				CLANG_WARN_OBJC_LITERAL_CONVERSION = YES;
				CLANG_WARN_OBJC_ROOT_CLASS = YES_ERROR;
				CLANG_WARN_QUOTED_INCLUDE_IN_FRAMEWORK_HEADER = YES;
				CLANG_WARN_RANGE_LOOP_ANALYSIS = YES;
				CLANG_WARN_STRICT_PROTOTYPES = YES;
				CLANG_WARN_SUSPICIOUS_MOVE = YES;
				CLANG_WARN_UNGUARDED_AVAILABILITY = YES_AGGRESSIVE;
				CLANG_WARN_UNREACHABLE_CODE = YES;
				CLANG_WARN__DUPLICATE_METHOD_MATCH = YES;
				COPY_PHASE_STRIP = NO;
				DEBUG_INFORMATION_FORMAT = dwarf;
				ENABLE_STRICT_OBJC_MSGSEND = YES;
				ENABLE_TESTABILITY = YES;
				GCC_C_LANGUAGE_STANDARD = gnu11;
				GCC_DYNAMIC_NO_PIC = NO;
				GCC_NO_COMMON_BLOCKS = YES;
				GCC_OPTIMIZATION_LEVEL = 0;
				GCC_PREPROCESSOR_DEFINITIONS = (
					"DEBUG=1",
					"$(inherited)",
				);
				GCC_WARN_64_TO_32_BIT_CONVERSION = YES;
				GCC_WARN_ABOUT_RETURN_TYPE = YES_ERROR;
				GCC_WARN_UNDECLARED_SELECTOR = YES;
				GCC_WARN_UNINITIALIZED_AUTOS = YES_AGGRESSIVE;
				GCC_WARN_UNUSED_FUNCTION = YES;
				GCC_WARN_UNUSED_VARIABLE = YES;
				IPHONEOS_DEPLOYMENT_TARGET = 15.0;
				MTL_ENABLE_DEBUG_INFO = INCLUDE_SOURCE;
				MTL_FAST_MATH = YES;
				ONLY_ACTIVE_ARCH = YES;
				SDKROOT = iphoneos;
				SWIFT_ACTIVE_COMPILATION_CONDITIONS = DEBUG;
				SWIFT_OPTIMIZATION_LEVEL = "-Onone";
			};
			name = Debug;
		};
		94DE46BB29B7BC9B0024012F /* Release */ = {
			isa = XCBuildConfiguration;
			buildSettings = {
				ALWAYS_SEARCH_USER_PATHS = NO;
				CLANG_ANALYZER_NONNULL = YES;
				CLANG_ANALYZER_NUMBER_OBJECT_CONVERSION = YES_AGGRESSIVE;
				CLANG_CXX_LANGUAGE_STANDARD = "gnu++17";
				CLANG_CXX_LIBRARY = "libc++";
				CLANG_ENABLE_MODULES = YES;
				CLANG_ENABLE_OBJC_ARC = YES;
				CLANG_ENABLE_OBJC_WEAK = YES;
				CLANG_WARN_BLOCK_CAPTURE_AUTORELEASING = YES;
				CLANG_WARN_BOOL_CONVERSION = YES;
				CLANG_WARN_COMMA = YES;
				CLANG_WARN_CONSTANT_CONVERSION = YES;
				CLANG_WARN_DEPRECATED_OBJC_IMPLEMENTATIONS = YES;
				CLANG_WARN_DIRECT_OBJC_ISA_USAGE = YES_ERROR;
				CLANG_WARN_DOCUMENTATION_COMMENTS = YES;
				CLANG_WARN_EMPTY_BODY = YES;
				CLANG_WARN_ENUM_CONVERSION = YES;
				CLANG_WARN_INFINITE_RECURSION = YES;
				CLANG_WARN_INT_CONVERSION = YES;
				CLANG_WARN_NON_LITERAL_NULL_CONVERSION = YES;
				CLANG_WARN_OBJC_IMPLICIT_RETAIN_SELF = YES;
				CLANG_WARN_OBJC_LITERAL_CONVERSION = YES;
				CLANG_WARN_OBJC_ROOT_CLASS = YES_ERROR;
				CLANG_WARN_QUOTED_INCLUDE_IN_FRAMEWORK_HEADER = YES;
				CLANG_WARN_RANGE_LOOP_ANALYSIS = YES;
				CLANG_WARN_STRICT_PROTOTYPES = YES;
				CLANG_WARN_SUSPICIOUS_MOVE = YES;
				CLANG_WARN_UNGUARDED_AVAILABILITY = YES_AGGRESSIVE;
				CLANG_WARN_UNREACHABLE_CODE = YES;
				CLANG_WARN__DUPLICATE_METHOD_MATCH = YES;
				COPY_PHASE_STRIP = NO;
				DEBUG_INFORMATION_FORMAT = "dwarf-with-dsym";
				ENABLE_NS_ASSERTIONS = NO;
				ENABLE_STRICT_OBJC_MSGSEND = YES;
				GCC_C_LANGUAGE_STANDARD = gnu11;
				GCC_NO_COMMON_BLOCKS = YES;
				GCC_WARN_64_TO_32_BIT_CONVERSION = YES;
				GCC_WARN_ABOUT_RETURN_TYPE = YES_ERROR;
				GCC_WARN_UNDECLARED_SELECTOR = YES;
				GCC_WARN_UNINITIALIZED_AUTOS = YES_AGGRESSIVE;
				GCC_WARN_UNUSED_FUNCTION = YES;
				GCC_WARN_UNUSED_VARIABLE = YES;
				IPHONEOS_DEPLOYMENT_TARGET = 15.0;
				MTL_ENABLE_DEBUG_INFO = NO;
				MTL_FAST_MATH = YES;
				SDKROOT = iphoneos;
				SWIFT_COMPILATION_MODE = wholemodule;
				SWIFT_OPTIMIZATION_LEVEL = "-O";
				VALIDATE_PRODUCT = YES;
			};
			name = Release;
		};
		94DE46BD29B7BC9B0024012F /* Debug */ = {
			isa = XCBuildConfiguration;
			baseConfigurationReference = 89A21135A607915119408787 /* Pods-MapPlotter.debug.xcconfig */;
			buildSettings = {
				ALLOW_TARGET_PLATFORM_SPECIALIZATION = NO;
				ASSETCATALOG_COMPILER_APPICON_NAME = AppIcon;
				ASSETCATALOG_COMPILER_GLOBAL_ACCENT_COLOR_NAME = AccentColor;
				CODE_SIGN_IDENTITY = "Apple Development";
				CODE_SIGN_STYLE = Automatic;
				CURRENT_PROJECT_VERSION = 1;
				DEVELOPMENT_TEAM = 5BC8W6JH5G;
				GENERATE_INFOPLIST_FILE = YES;
				INFOPLIST_FILE = MapPlotter/Info.plist;
				INFOPLIST_KEY_UIApplicationSupportsIndirectInputEvents = YES;
				INFOPLIST_KEY_UILaunchStoryboardName = LaunchScreen;
				INFOPLIST_KEY_UISupportedInterfaceOrientations_iPad = "UIInterfaceOrientationPortrait UIInterfaceOrientationPortraitUpsideDown UIInterfaceOrientationLandscapeLeft UIInterfaceOrientationLandscapeRight";
				INFOPLIST_KEY_UISupportedInterfaceOrientations_iPhone = "UIInterfaceOrientationPortrait UIInterfaceOrientationLandscapeLeft UIInterfaceOrientationLandscapeRight";
				LD_RUNPATH_SEARCH_PATHS = (
					"$(inherited)",
					"@executable_path/Frameworks",
				);
				MARKETING_VERSION = 1.0;
				PRODUCT_BUNDLE_IDENTIFIER = com.georgiipolonskii.MapPlotter;
				PRODUCT_NAME = "$(TARGET_NAME)";
				PROVISIONING_PROFILE_SPECIFIER = "";
				SWIFT_EMIT_LOC_STRINGS = YES;
				SWIFT_VERSION = 5.0;
				TARGETED_DEVICE_FAMILY = 1;
			};
			name = Debug;
		};
		94DE46BE29B7BC9B0024012F /* Release */ = {
			isa = XCBuildConfiguration;
			baseConfigurationReference = 7C0C6C4CC175D874F4BC71D8 /* Pods-MapPlotter.release.xcconfig */;
			buildSettings = {
				ALLOW_TARGET_PLATFORM_SPECIALIZATION = NO;
				ASSETCATALOG_COMPILER_APPICON_NAME = AppIcon;
				ASSETCATALOG_COMPILER_GLOBAL_ACCENT_COLOR_NAME = AccentColor;
				CODE_SIGN_IDENTITY = "Apple Development";
				CODE_SIGN_STYLE = Automatic;
				CURRENT_PROJECT_VERSION = 1;
				DEVELOPMENT_TEAM = 5BC8W6JH5G;
				GENERATE_INFOPLIST_FILE = YES;
				INFOPLIST_FILE = MapPlotter/Info.plist;
				INFOPLIST_KEY_UIApplicationSupportsIndirectInputEvents = YES;
				INFOPLIST_KEY_UILaunchStoryboardName = LaunchScreen;
				INFOPLIST_KEY_UISupportedInterfaceOrientations_iPad = "UIInterfaceOrientationPortrait UIInterfaceOrientationPortraitUpsideDown UIInterfaceOrientationLandscapeLeft UIInterfaceOrientationLandscapeRight";
				INFOPLIST_KEY_UISupportedInterfaceOrientations_iPhone = "UIInterfaceOrientationPortrait UIInterfaceOrientationLandscapeLeft UIInterfaceOrientationLandscapeRight";
				LD_RUNPATH_SEARCH_PATHS = (
					"$(inherited)",
					"@executable_path/Frameworks",
				);
				MARKETING_VERSION = 1.0;
				PRODUCT_BUNDLE_IDENTIFIER = com.georgiipolonskii.MapPlotter;
				PRODUCT_NAME = "$(TARGET_NAME)";
				PROVISIONING_PROFILE_SPECIFIER = "";
				SWIFT_EMIT_LOC_STRINGS = YES;
				SWIFT_VERSION = 5.0;
				TARGETED_DEVICE_FAMILY = 1;
			};
			name = Release;
		};
		94DE46C029B7BC9B0024012F /* Debug */ = {
			isa = XCBuildConfiguration;
			baseConfigurationReference = 59F729E2FF3DC5A25B0956EE /* Pods-MapPlotterTests.debug.xcconfig */;
			buildSettings = {
				ALWAYS_EMBED_SWIFT_STANDARD_LIBRARIES = YES;
				BUNDLE_LOADER = "$(TEST_HOST)";
				CODE_SIGN_STYLE = Automatic;
				CURRENT_PROJECT_VERSION = 1;
				DEVELOPMENT_TEAM = 5BC8W6JH5G;
				GENERATE_INFOPLIST_FILE = YES;
				IPHONEOS_DEPLOYMENT_TARGET = 15.0;
				LD_RUNPATH_SEARCH_PATHS = (
					"$(inherited)",
					"@executable_path/Frameworks",
					"@loader_path/Frameworks",
				);
				MARKETING_VERSION = 1.0;
				PRODUCT_BUNDLE_IDENTIFIER = georgiipolonskii.MapPlotterTests;
				PRODUCT_NAME = "$(TARGET_NAME)";
				SWIFT_EMIT_LOC_STRINGS = NO;
				SWIFT_VERSION = 5.0;
				TARGETED_DEVICE_FAMILY = "1,2";
				TEST_HOST = "$(BUILT_PRODUCTS_DIR)/MapPlotter.app/MapPlotter";
			};
			name = Debug;
		};
		94DE46C129B7BC9B0024012F /* Release */ = {
			isa = XCBuildConfiguration;
			baseConfigurationReference = EABA2918890E0416EF1A52E2 /* Pods-MapPlotterTests.release.xcconfig */;
			buildSettings = {
				ALWAYS_EMBED_SWIFT_STANDARD_LIBRARIES = YES;
				BUNDLE_LOADER = "$(TEST_HOST)";
				CODE_SIGN_STYLE = Automatic;
				CURRENT_PROJECT_VERSION = 1;
				DEVELOPMENT_TEAM = 5BC8W6JH5G;
				GENERATE_INFOPLIST_FILE = YES;
				IPHONEOS_DEPLOYMENT_TARGET = 15.0;
				LD_RUNPATH_SEARCH_PATHS = (
					"$(inherited)",
					"@executable_path/Frameworks",
					"@loader_path/Frameworks",
				);
				MARKETING_VERSION = 1.0;
				PRODUCT_BUNDLE_IDENTIFIER = georgiipolonskii.MapPlotterTests;
				PRODUCT_NAME = "$(TARGET_NAME)";
				SWIFT_EMIT_LOC_STRINGS = NO;
				SWIFT_VERSION = 5.0;
				TARGETED_DEVICE_FAMILY = "1,2";
				TEST_HOST = "$(BUILT_PRODUCTS_DIR)/MapPlotter.app/MapPlotter";
			};
			name = Release;
		};
		94DE46C329B7BC9B0024012F /* Debug */ = {
			isa = XCBuildConfiguration;
			baseConfigurationReference = B79B4C77050735CA52068295 /* Pods-MapPlotter-MapPlotterUITests.debug.xcconfig */;
			buildSettings = {
				ALWAYS_EMBED_SWIFT_STANDARD_LIBRARIES = YES;
				CODE_SIGN_STYLE = Automatic;
				CURRENT_PROJECT_VERSION = 1;
				DEVELOPMENT_TEAM = 5BC8W6JH5G;
				GENERATE_INFOPLIST_FILE = YES;
				LD_RUNPATH_SEARCH_PATHS = (
					"$(inherited)",
					"@executable_path/Frameworks",
					"@loader_path/Frameworks",
				);
				MARKETING_VERSION = 1.0;
				PRODUCT_BUNDLE_IDENTIFIER = georgiipolonskii.MapPlotterUITests;
				PRODUCT_NAME = "$(TARGET_NAME)";
				SWIFT_EMIT_LOC_STRINGS = NO;
				SWIFT_VERSION = 5.0;
				TARGETED_DEVICE_FAMILY = "1,2";
				TEST_TARGET_NAME = MapPlotter;
			};
			name = Debug;
		};
		94DE46C429B7BC9B0024012F /* Release */ = {
			isa = XCBuildConfiguration;
			baseConfigurationReference = 71BA5702AAC8957CDE921D04 /* Pods-MapPlotter-MapPlotterUITests.release.xcconfig */;
			buildSettings = {
				ALWAYS_EMBED_SWIFT_STANDARD_LIBRARIES = YES;
				CODE_SIGN_STYLE = Automatic;
				CURRENT_PROJECT_VERSION = 1;
				DEVELOPMENT_TEAM = 5BC8W6JH5G;
				GENERATE_INFOPLIST_FILE = YES;
				LD_RUNPATH_SEARCH_PATHS = (
					"$(inherited)",
					"@executable_path/Frameworks",
					"@loader_path/Frameworks",
				);
				MARKETING_VERSION = 1.0;
				PRODUCT_BUNDLE_IDENTIFIER = georgiipolonskii.MapPlotterUITests;
				PRODUCT_NAME = "$(TARGET_NAME)";
				SWIFT_EMIT_LOC_STRINGS = NO;
				SWIFT_VERSION = 5.0;
				TARGETED_DEVICE_FAMILY = "1,2";
				TEST_TARGET_NAME = MapPlotter;
			};
			name = Release;
		};
/* End XCBuildConfiguration section */

/* Begin XCConfigurationList section */
		94DE468D29B7BC9A0024012F /* Build configuration list for PBXProject "MapPlotter" */ = {
			isa = XCConfigurationList;
			buildConfigurations = (
				94DE46BA29B7BC9B0024012F /* Debug */,
				94DE46BB29B7BC9B0024012F /* Release */,
			);
			defaultConfigurationIsVisible = 0;
			defaultConfigurationName = Release;
		};
		94DE46BC29B7BC9B0024012F /* Build configuration list for PBXNativeTarget "MapPlotter" */ = {
			isa = XCConfigurationList;
			buildConfigurations = (
				94DE46BD29B7BC9B0024012F /* Debug */,
				94DE46BE29B7BC9B0024012F /* Release */,
			);
			defaultConfigurationIsVisible = 0;
			defaultConfigurationName = Release;
		};
		94DE46BF29B7BC9B0024012F /* Build configuration list for PBXNativeTarget "MapPlotterTests" */ = {
			isa = XCConfigurationList;
			buildConfigurations = (
				94DE46C029B7BC9B0024012F /* Debug */,
				94DE46C129B7BC9B0024012F /* Release */,
			);
			defaultConfigurationIsVisible = 0;
			defaultConfigurationName = Release;
		};
		94DE46C229B7BC9B0024012F /* Build configuration list for PBXNativeTarget "MapPlotterUITests" */ = {
			isa = XCConfigurationList;
			buildConfigurations = (
				94DE46C329B7BC9B0024012F /* Debug */,
				94DE46C429B7BC9B0024012F /* Release */,
			);
			defaultConfigurationIsVisible = 0;
			defaultConfigurationName = Release;
		};
/* End XCConfigurationList section */
	};
	rootObject = 94DE468A29B7BC9A0024012F /* Project object */;
}
